
Microsoft Visual Studio Solution File, Format Version 12.00
# Visual Studio Version 17
VisualStudioVersion = 17.5.002.0
MinimumVisualStudioVersion = 10.0.40219.1
Project("{2150E333-8FDC-42A3-9474-1A3956D46DE8}") = "test", "test", "{A9D2DFAA-5835-4469-9C3D-4BFA05844233}"
EndProject
Project("{9A19103F-16F7-4668-BE54-9A1E7A4F7556}") = "Wpf6", "test\Wpf6\Wpf6.csproj", "{9EA3A2A6-16A9-4106-A992-362F5169DFDE}"
EndProject
Project("{9A19103F-16F7-4668-BE54-9A1E7A4F7556}") = "MsBuild", "test\MsBuild\MsBuild.csproj", "{F8D1E435-4D91-4C74-851B-132D92CA3988}"
EndProject
Project("{9A19103F-16F7-4668-BE54-9A1E7A4F7556}") = "Wpf", "test\Wpf\Wpf.csproj", "{847E3569-7071-4CD4-8A23-64DE2504BBC6}"
EndProject
Global
	GlobalSection(SolutionConfigurationPlatforms) = preSolution
		Debug|Any CPU = Debug|Any CPU
		Release|Any CPU = Release|Any CPU
	EndGlobalSection
	GlobalSection(ProjectConfigurationPlatforms) = postSolution
		{9EA3A2A6-16A9-4106-A992-362F5169DFDE}.Debug|Any CPU.ActiveCfg = Debug|Any CPU
		{9EA3A2A6-16A9-4106-A992-362F5169DFDE}.Debug|Any CPU.Build.0 = Debug|Any CPU
		{9EA3A2A6-16A9-4106-A992-362F5169DFDE}.Release|Any CPU.ActiveCfg = Release|Any CPU
		{9EA3A2A6-16A9-4106-A992-362F5169DFDE}.Release|Any CPU.Build.0 = Release|Any CPU
		{F8D1E435-4D91-4C74-851B-132D92CA3988}.Debug|Any CPU.ActiveCfg = Debug|Any CPU
		{F8D1E435-4D91-4C74-851B-132D92CA3988}.Debug|Any CPU.Build.0 = Debug|Any CPU
		{F8D1E435-4D91-4C74-851B-132D92CA3988}.Release|Any CPU.ActiveCfg = Release|Any CPU
		{F8D1E435-4D91-4C74-851B-132D92CA3988}.Release|Any CPU.Build.0 = Release|Any CPU
		{847E3569-7071-4CD4-8A23-64DE2504BBC6}.Debug|Any CPU.ActiveCfg = Debug|Any CPU
		{847E3569-7071-4CD4-8A23-64DE2504BBC6}.Debug|Any CPU.Build.0 = Debug|Any CPU
		{847E3569-7071-4CD4-8A23-64DE2504BBC6}.Release|Any CPU.ActiveCfg = Release|Any CPU
		{847E3569-7071-4CD4-8A23-64DE2504BBC6}.Release|Any CPU.Build.0 = Release|Any CPU
		{D0AB5EA1-2D12-457B-B64E-229DCA64B076}.Debug|Any CPU.ActiveCfg = Debug|Any CPU
		{D0AB5EA1-2D12-457B-B64E-229DCA64B076}.Debug|Any CPU.Build.0 = Debug|Any CPU
		{D0AB5EA1-2D12-457B-B64E-229DCA64B076}.Release|Any CPU.ActiveCfg = Release|Any CPU
		{D0AB5EA1-2D12-457B-B64E-229DCA64B076}.Release|Any CPU.Build.0 = Release|Any CPU
	EndGlobalSection
	GlobalSection(SolutionProperties) = preSolution
		HideSolutionNode = FALSE
	EndGlobalSection
	GlobalSection(NestedProjects) = preSolution
		{9EA3A2A6-16A9-4106-A992-362F5169DFDE} = {A9D2DFAA-5835-4469-9C3D-4BFA05844233}
		{F8D1E435-4D91-4C74-851B-132D92CA3988} = {A9D2DFAA-5835-4469-9C3D-4BFA05844233}
		{847E3569-7071-4CD4-8A23-64DE2504BBC6} = {A9D2DFAA-5835-4469-9C3D-4BFA05844233}
		{D0AB5EA1-2D12-457B-B64E-229DCA64B076} = {A9D2DFAA-5835-4469-9C3D-4BFA05844233}
	EndGlobalSection
	GlobalSection(ExtensibilityGlobals) = postSolution
		SolutionGuid = {5BFA23B1-3B84-48BB-961D-1194F0C42DBD}
	EndGlobalSection
EndGlobal
